# This file is autogenerated, do not edit; changes may be undone by the next 'dep ensure'.


[[projects]]
  branch = "master"
  name = "go.evanpurkhiser.com/prolink"
  packages = ["."]
  revision = "cc41bf091a1cfbae64c6c4315e2b22b4e16b11fb"

[[projects]]
  branch = "v2"
  name = "gopkg.in/urfave/cli.v2"
  packages = ["."]
  revision = "d3ae77c26ac8db90639677e4831a728d33c36111"

[solve-meta]
  analyzer-name = "dep"
  analyzer-version = 1
  inputs-digest = "6881d3c977db80fbd8812cae633d92e9267c7ab885ecfc902c2b54737aa7e284"
  solver-name = "gps-cdcl"
  solver-version = 1
